// !$*UTF8*$!
{
	archiveVersion = 1;
	classes = {
	};
	objectVersion = 77;
	objects = {

/* Begin PBXBuildFile section */
		007718C71ABB68812CD959B9 /* ChatView.swift in Sources */ = {isa = PBXBuildFile; fileRef = 159AD1A7FF4ABE777B298C31 /* ChatView.swift */; };
		41F0DB9DC28BC802B16DBD0C /* ChatViewModel.swift in Sources */ = {isa = PBXBuildFile; fileRef = A950263F392BFDB410AD5EB3 /* ChatViewModel.swift */; };
		6DF1FABE761CDDFFD9813A73 /* ChatMessage.swift in Sources */ = {isa = PBXBuildFile; fileRef = 4A673FBDB769B14A1BEAF2E2 /* ChatMessage.swift */; };
		7F966FC483755900EAAEC62D /* Profile.swift in Sources */ = {isa = PBXBuildFile; fileRef = 4D87B6964471051F1E01D8B2 /* Profile.swift */; };
		92FF187C0916884A2DC8880E /* ProfileViewModel.swift in Sources */ = {isa = PBXBuildFile; fileRef = 6B39AC849A9181DD64837CB8 /* ProfileViewModel.swift */; };
		A2438251A1105E9C03575794 /* ProfileView.swift in Sources */ = {isa = PBXBuildFile; fileRef = F588A4B5AB1026262056B6D8 /* ProfileView.swift */; };
		AEF2ABDBE65491A18110EF43 /* Supabase in Frameworks */ = {isa = PBXBuildFile; productRef = C712EFBC3369AADF8F88AD65 /* Supabase */; };
		D3EE05B965A82D28C79CEB79 /* JobAgentApp.swift in Sources */ = {isa = PBXBuildFile; fileRef = 6BBFB845E373B776198FAEAF /* JobAgentApp.swift */; };
		E26BC10A1A813A945EBF0A25 /* SupabaseService.swift in Sources */ = {isa = PBXBuildFile; fileRef = CB8999BC56B010F6D46949EC /* SupabaseService.swift */; };
/* End PBXBuildFile section */

/* Begin PBXFileReference section */
		159AD1A7FF4ABE777B298C31 /* ChatView.swift */ = {isa = PBXFileReference; lastKnownFileType = sourcecode.swift; path = ChatView.swift; sourceTree = "<group>"; };
		4A673FBDB769B14A1BEAF2E2 /* ChatMessage.swift */ = {isa = PBXFileReference; lastKnownFileType = sourcecode.swift; path = ChatMessage.swift; sourceTree = "<group>"; };
		4D87B6964471051F1E01D8B2 /* Profile.swift */ = {isa = PBXFileReference; lastKnownFileType = sourcecode.swift; path = Profile.swift; sourceTree = "<group>"; };
		60AEB0DF980EB8E11EC856E9 /* JobAgent.app */ = {isa = PBXFileReference; explicitFileType = wrapper.application; includeInIndex = 0; path = JobAgent.app; sourceTree = BUILT_PRODUCTS_DIR; };
		6B39AC849A9181DD64837CB8 /* ProfileViewModel.swift */ = {isa = PBXFileReference; lastKnownFileType = sourcecode.swift; path = ProfileViewModel.swift; sourceTree = "<group>"; };
		6BBFB845E373B776198FAEAF /* JobAgentApp.swift */ = {isa = PBXFileReference; lastKnownFileType = sourcecode.swift; path = JobAgentApp.swift; sourceTree = "<group>"; };
		A950263F392BFDB410AD5EB3 /* ChatViewModel.swift */ = {isa = PBXFileReference; lastKnownFileType = sourcecode.swift; path = ChatViewModel.swift; sourceTree = "<group>"; };
		CB8999BC56B010F6D46949EC /* SupabaseService.swift */ = {isa = PBXFileReference; lastKnownFileType = sourcecode.swift; path = SupabaseService.swift; sourceTree = "<group>"; };
		F588A4B5AB1026262056B6D8 /* ProfileView.swift */ = {isa = PBXFileReference; lastKnownFileType = sourcecode.swift; path = ProfileView.swift; sourceTree = "<group>"; };
/* End PBXFileReference section */

/* Begin PBXFrameworksBuildPhase section */
		D5DDD20D3E421762DBE68BF9 /* Frameworks */ = {
			isa = PBXFrameworksBuildPhase;
			buildActionMask = 2147483647;
			files = (
				AEF2ABDBE65491A18110EF43 /* Supabase in Frameworks */,
			);
			runOnlyForDeploymentPostprocessing = 0;
		};
/* End PBXFrameworksBuildPhase section */

/* Begin PBXGroup section */
		0BE9DA1986A0D5E47E5CC1BC /* App */ = {
			isa = PBXGroup;
			children = (
				6BBFB845E373B776198FAEAF /* JobAgentApp.swift */,
				607BC12E0D7E5EA6E2AFEEAD /* Models */,
				24F4EDEC5D6011674DD84329 /* Services */,
				1B8938F8A87AF3932939D277 /* ViewModels */,
				55732F1084747A6242DCD170 /* Views */,
			);
			path = App;
			sourceTree = "<group>";
		};
		1B8938F8A87AF3932939D277 /* ViewModels */ = {
			isa = PBXGroup;
			children = (
				A950263F392BFDB410AD5EB3 /* ChatViewModel.swift */,
				6B39AC849A9181DD64837CB8 /* ProfileViewModel.swift */,
			);
			path = ViewModels;
			sourceTree = "<group>";
		};
		24F4EDEC5D6011674DD84329 /* Services */ = {
			isa = PBXGroup;
			children = (
				CB8999BC56B010F6D46949EC /* SupabaseService.swift */,
			);
			path = Services;
			sourceTree = "<group>";
		};
		55732F1084747A6242DCD170 /* Views */ = {
			isa = PBXGroup;
			children = (
				159AD1A7FF4ABE777B298C31 /* ChatView.swift */,
				F588A4B5AB1026262056B6D8 /* ProfileView.swift */,
			);
			path = Views;
			sourceTree = "<group>";
		};
		607BC12E0D7E5EA6E2AFEEAD /* Models */ = {
			isa = PBXGroup;
			children = (
				4A673FBDB769B14A1BEAF2E2 /* ChatMessage.swift */,
				4D87B6964471051F1E01D8B2 /* Profile.swift */,
			);
			path = Models;
			sourceTree = "<group>";
		};
		BC37CBDB3A800EFB26673C36 = {
			isa = PBXGroup;
			children = (
				0BE9DA1986A0D5E47E5CC1BC /* App */,
				CF4D5EE261CBE5736442F02F /* Products */,
			);
			sourceTree = "<group>";
		};
		CF4D5EE261CBE5736442F02F /* Products */ = {
			isa = PBXGroup;
			children = (
				60AEB0DF980EB8E11EC856E9 /* JobAgent.app */,
			);
			name = Products;
			sourceTree = "<group>";
		};
/* End PBXGroup section */

/* Begin PBXNativeTarget section */
		D10F4D0FE4AECAD517DE4EA4 /* JobAgentApp */ = {
			isa = PBXNativeTarget;
			buildConfigurationList = E761633F6D348D9D08101BC7 /* Build configuration list for PBXNativeTarget "JobAgentApp" */;
			buildPhases = (
				5F52E0AAADF2C06711D779B5 /* Sources */,
				D5DDD20D3E421762DBE68BF9 /* Frameworks */,
			);
			buildRules = (
			);
			dependencies = (
			);
			name = JobAgentApp;
			packageProductDependencies = (
				C712EFBC3369AADF8F88AD65 /* Supabase */,
			);
			productName = JobAgentApp;
			productReference = 60AEB0DF980EB8E11EC856E9 /* JobAgent.app */;
			productType = "com.apple.product-type.application";
		};
/* End PBXNativeTarget section */

/* Begin PBXProject section */
		D72AD362661F70E0E60A6C91 /* Project object */ = {
			isa = PBXProject;
			attributes = {
				BuildIndependentTargetsInParallel = YES;
				LastUpgradeCheck = 1430;
				TargetAttributes = {
					D10F4D0FE4AECAD517DE4EA4 = {
						ProvisioningStyle = Automatic;
					};
				};
			};
			buildConfigurationList = D93CF011F74C475635B24A63 /* Build configuration list for PBXProject "JobAgentApp" */;
			developmentRegion = en;
			hasScannedForEncodings = 0;
			knownRegions = (
				Base,
				en,
			);
			mainGroup = BC37CBDB3A800EFB26673C36;
			minimizedProjectReferenceProxies = 1;
			packageReferences = (
				A44D3C3506C7995829ABDEC0 /* XCRemoteSwiftPackageReference "supabase-swift" */,
			);
			preferredProjectObjectVersion = 77;
			productRefGroup = CF4D5EE261CBE5736442F02F /* Products */;
			projectDirPath = "";
			projectRoot = "";
			targets = (
				D10F4D0FE4AECAD517DE4EA4 /* JobAgentApp */,
			);
		};
/* End PBXProject section */

/* Begin PBXSourcesBuildPhase section */
		5F52E0AAADF2C06711D779B5 /* Sources */ = {
			isa = PBXSourcesBuildPhase;
			buildActionMask = 2147483647;
			files = (
				6DF1FABE761CDDFFD9813A73 /* ChatMessage.swift in Sources */,
				007718C71ABB68812CD959B9 /* ChatView.swift in Sources */,
				41F0DB9DC28BC802B16DBD0C /* ChatViewModel.swift in Sources */,
				D3EE05B965A82D28C79CEB79 /* JobAgentApp.swift in Sources */,
				7F966FC483755900EAAEC62D /* Profile.swift in Sources */,
				A2438251A1105E9C03575794 /* ProfileView.swift in Sources */,
				92FF187C0916884A2DC8880E /* ProfileViewModel.swift in Sources */,
				E26BC10A1A813A945EBF0A25 /* SupabaseService.swift in Sources */,
			);
			runOnlyForDeploymentPostprocessing = 0;
		};
/* End PBXSourcesBuildPhase section */

/* Begin XCBuildConfiguration section */
		36D1C459267634F07F413A9B /* Release */ = {
			isa = XCBuildConfiguration;
			buildSettings = {
				ASSETCATALOG_COMPILER_APPICON_NAME = AppIcon;
				CODE_SIGN_IDENTITY = "iPhone Developer";
				CODE_SIGN_STYLE = Automatic;
				DEVELOPMENT_TEAM = 7R585JKNMJ;
				GENERATE_INFOPLIST_FILE = YES;
				INFOPLIST_KEY_CFBundleDisplayName = "Job Agent";
				INFOPLIST_KEY_UISupportedInterfaceOrientations = UIInterfaceOrientationPortrait;
				LD_RUNPATH_SEARCH_PATHS = (
					"$(inherited)",
					"@executable_path/Frameworks",
				);
				PRODUCT_BUNDLE_IDENTIFIER = com.personal.jobagent.app;
				PRODUCT_NAME = JobAgent;
				SDKROOT = iphoneos;
				SWIFT_VERSION = 5.0;
				TARGETED_DEVICE_FAMILY = "1,2";
			};
			name = Release;
		};
		C9EB2A2E5C65AB05E6CA4F97 /* Debug */ = {
			isa = XCBuildConfiguration;
			buildSettings = {
				ASSETCATALOG_COMPILER_APPICON_NAME = AppIcon;
				CODE_SIGN_IDENTITY = "iPhone Developer";
				CODE_SIGN_STYLE = Automatic;
				DEVELOPMENT_TEAM = 7R585JKNMJ;
				GENERATE_INFOPLIST_FILE = YES;
				INFOPLIST_KEY_CFBundleDisplayName = "Job Agent";
				INFOPLIST_KEY_UISupportedInterfaceOrientations = UIInterfaceOrientationPortrait;
				LD_RUNPATH_SEARCH_PATHS = (
					"$(inherited)",
					"@executable_path/Frameworks",
				);
				PRODUCT_BUNDLE_IDENTIFIER = com.personal.jobagent.app;
				PRODUCT_NAME = JobAgent;
				SDKROOT = iphoneos;
				SWIFT_VERSION = 5.0;
				TARGETED_DEVICE_FAMILY = "1,2";
			};
			name = Debug;
		};
		DB292AC5302FFC1516EAB407 /* Release */ = {
			isa = XCBuildConfiguration;
			buildSettings = {
				ALWAYS_SEARCH_USER_PATHS = NO;
				CLANG_ANALYZER_NONNULL = YES;
				CLANG_ANALYZER_NUMBER_OBJECT_CONVERSION = YES_AGGRESSIVE;
				CLANG_CXX_LANGUAGE_STANDARD = "gnu++14";
				CLANG_CXX_LIBRARY = "libc++";
				CLANG_ENABLE_MODULES = YES;
				CLANG_ENABLE_OBJC_ARC = YES;
				CLANG_ENABLE_OBJC_WEAK = YES;
				CLANG_WARN_BLOCK_CAPTURE_AUTORELEASING = YES;
				CLANG_WARN_BOOL_CONVERSION = YES;
				CLANG_WARN_COMMA = YES;
				CLANG_WARN_CONSTANT_CONVERSION = YES;
				CLANG_WARN_DEPRECATED_OBJC_IMPLEMENTATIONS = YES;
				CLANG_WARN_DIRECT_OBJC_ISA_USAGE = YES_ERROR;
				CLANG_WARN_DOCUMENTATION_COMMENTS = YES;
				CLANG_WARN_EMPTY_BODY = YES;
				CLANG_WARN_ENUM_CONVERSION = YES;
				CLANG_WARN_INFINITE_RECURSION = YES;
				CLANG_WARN_INT_CONVERSION = YES;
				CLANG_WARN_NON_LITERAL_NULL_CONVERSION = YES;
				CLANG_WARN_OBJC_IMPLICIT_RETAIN_SELF = YES;
				CLANG_WARN_OBJC_LITERAL_CONVERSION = YES;
				CLANG_WARN_OBJC_ROOT_CLASS = YES_ERROR;
				CLANG_WARN_QUOTED_INCLUDE_IN_FRAMEWORK_HEADER = YES;
				CLANG_WARN_RANGE_LOOP_ANALYSIS = YES;
				CLANG_WARN_STRICT_PROTOTYPES = YES;
				CLANG_WARN_SUSPICIOUS_MOVE = YES;
				CLANG_WARN_UNGUARDED_AVAILABILITY = YES_AGGRESSIVE;
				CLANG_WARN_UNREACHABLE_CODE = YES;
				CLANG_WARN__DUPLICATE_METHOD_MATCH = YES;
				COPY_PHASE_STRIP = NO;
				DEBUG_INFORMATION_FORMAT = "dwarf-with-dsym";
				ENABLE_NS_ASSERTIONS = NO;
				ENABLE_STRICT_OBJC_MSGSEND = YES;
				GCC_C_LANGUAGE_STANDARD = gnu11;
				GCC_NO_COMMON_BLOCKS = YES;
				GCC_WARN_64_TO_32_BIT_CONVERSION = YES;
				GCC_WARN_ABOUT_RETURN_TYPE = YES_ERROR;
				GCC_WARN_UNDECLARED_SELECTOR = YES;
				GCC_WARN_UNINITIALIZED_AUTOS = YES_AGGRESSIVE;
				GCC_WARN_UNUSED_FUNCTION = YES;
				GCC_WARN_UNUSED_VARIABLE = YES;
				IPHONEOS_DEPLOYMENT_TARGET = 17.0;
				MTL_ENABLE_DEBUG_INFO = NO;
				MTL_FAST_MATH = YES;
				PRODUCT_NAME = "$(TARGET_NAME)";
				SDKROOT = iphoneos;
				SWIFT_COMPILATION_MODE = wholemodule;
				SWIFT_OPTIMIZATION_LEVEL = "-O";
				SWIFT_VERSION = 5.0;
			};
			name = Release;
		};
		DE1872E249C4FC678A1C1D54 /* Debug */ = {
			isa = XCBuildConfiguration;
			buildSettings = {
				ALWAYS_SEARCH_USER_PATHS = NO;
				CLANG_ANALYZER_NONNULL = YES;
				CLANG_ANALYZER_NUMBER_OBJECT_CONVERSION = YES_AGGRESSIVE;
				CLANG_CXX_LANGUAGE_STANDARD = "gnu++14";
				CLANG_CXX_LIBRARY = "libc++";
				CLANG_ENABLE_MODULES = YES;
				CLANG_ENABLE_OBJC_ARC = YES;
				CLANG_ENABLE_OBJC_WEAK = YES;
				CLANG_WARN_BLOCK_CAPTURE_AUTORELEASING = YES;
				CLANG_WARN_BOOL_CONVERSION = YES;
				CLANG_WARN_COMMA = YES;
				CLANG_WARN_CONSTANT_CONVERSION = YES;
				CLANG_WARN_DEPRECATED_OBJC_IMPLEMENTATIONS = YES;
				CLANG_WARN_DIRECT_OBJC_ISA_USAGE = YES_ERROR;
				CLANG_WARN_DOCUMENTATION_COMMENTS = YES;
				CLANG_WARN_EMPTY_BODY = YES;
				CLANG_WARN_ENUM_CONVERSION = YES;
				CLANG_WARN_INFINITE_RECURSION = YES;
				CLANG_WARN_INT_CONVERSION = YES;
				CLANG_WARN_NON_LITERAL_NULL_CONVERSION = YES;
				CLANG_WARN_OBJC_IMPLICIT_RETAIN_SELF = YES;
				CLANG_WARN_OBJC_LITERAL_CONVERSION = YES;
				CLANG_WARN_OBJC_ROOT_CLASS = YES_ERROR;
				CLANG_WARN_QUOTED_INCLUDE_IN_FRAMEWORK_HEADER = YES;
				CLANG_WARN_RANGE_LOOP_ANALYSIS = YES;
				CLANG_WARN_STRICT_PROTOTYPES = YES;
				CLANG_WARN_SUSPICIOUS_MOVE = YES;
				CLANG_WARN_UNGUARDED_AVAILABILITY = YES_AGGRESSIVE;
				CLANG_WARN_UNREACHABLE_CODE = YES;
				CLANG_WARN__DUPLICATE_METHOD_MATCH = YES;
				COPY_PHASE_STRIP = NO;
				DEBUG_INFORMATION_FORMAT = dwarf;
				ENABLE_STRICT_OBJC_MSGSEND = YES;
				ENABLE_TESTABILITY = YES;
				GCC_C_LANGUAGE_STANDARD = gnu11;
				GCC_DYNAMIC_NO_PIC = NO;
				GCC_NO_COMMON_BLOCKS = YES;
				GCC_OPTIMIZATION_LEVEL = 0;
				GCC_PREPROCESSOR_DEFINITIONS = (
					"$(inherited)",
					"DEBUG=1",
				);
				GCC_WARN_64_TO_32_BIT_CONVERSION = YES;
				GCC_WARN_ABOUT_RETURN_TYPE = YES_ERROR;
				GCC_WARN_UNDECLARED_SELECTOR = YES;
				GCC_WARN_UNINITIALIZED_AUTOS = YES_AGGRESSIVE;
				GCC_WARN_UNUSED_FUNCTION = YES;
				GCC_WARN_UNUSED_VARIABLE = YES;
				IPHONEOS_DEPLOYMENT_TARGET = 17.0;
				MTL_ENABLE_DEBUG_INFO = INCLUDE_SOURCE;
				MTL_FAST_MATH = YES;
				ONLY_ACTIVE_ARCH = YES;
				PRODUCT_NAME = "$(TARGET_NAME)";
				SDKROOT = iphoneos;
				SWIFT_ACTIVE_COMPILATION_CONDITIONS = DEBUG;
				SWIFT_OPTIMIZATION_LEVEL = "-Onone";
				SWIFT_VERSION = 5.0;
			};
			name = Debug;
		};
/* End XCBuildConfiguration section */

/* Begin XCConfigurationList section */
		D93CF011F74C475635B24A63 /* Build configuration list for PBXProject "JobAgentApp" */ = {
			isa = XCConfigurationList;
			buildConfigurations = (
				DE1872E249C4FC678A1C1D54 /* Debug */,
				DB292AC5302FFC1516EAB407 /* Release */,
			);
			defaultConfigurationIsVisible = 0;
			defaultConfigurationName = Debug;
		};
		E761633F6D348D9D08101BC7 /* Build configuration list for PBXNativeTarget "JobAgentApp" */ = {
			isa = XCConfigurationList;
			buildConfigurations = (
				C9EB2A2E5C65AB05E6CA4F97 /* Debug */,
				36D1C459267634F07F413A9B /* Release */,
			);
			defaultConfigurationIsVisible = 0;
			defaultConfigurationName = Debug;
		};
/* End XCConfigurationList section */

/* Begin XCRemoteSwiftPackageReference section */
		A44D3C3506C7995829ABDEC0 /* XCRemoteSwiftPackageReference "supabase-swift" */ = {
			isa = XCRemoteSwiftPackageReference;
			repositoryURL = "https://github.com/supabase/supabase-swift.git";
			requirement = {
				kind = upToNextMajorVersion;
				minimumVersion = 2.0.0;
			};
		};
/* End XCRemoteSwiftPackageReference section */

/* Begin XCSwiftPackageProductDependency section */
		C712EFBC3369AADF8F88AD65 /* Supabase */ = {
			isa = XCSwiftPackageProductDependency;
			package = A44D3C3506C7995829ABDEC0 /* XCRemoteSwiftPackageReference "supabase-swift" */;
			productName = Supabase;
		};
/* End XCSwiftPackageProductDependency section */
	};
	rootObject = D72AD362661F70E0E60A6C91 /* Project object */;
}
